// !$*UTF8*$!
{
	archiveVersion = 1;
	classes = {
	};
	objectVersion = 50;
	objects = {

/* Begin PBXBuildFile section */
		7D43F4F921A117D100ECA2FC /* GridWorldTests.swift in Sources */ = {isa = PBXBuildFile; fileRef = 7D6A55962198A87500C6BE35 /* GridWorldTests.swift */; };
		7D6A557B21932F8B00C6BE35 /* markovDecisionProcess.swift in Sources */ = {isa = PBXBuildFile; fileRef = 7D79E02B21929509003B3895 /* markovDecisionProcess.swift */; };
		7D6A557C21932F8B00C6BE35 /* weightedDistribution.swift in Sources */ = {isa = PBXBuildFile; fileRef = 7D79E02F219295BC003B3895 /* weightedDistribution.swift */; };
		7D6A557D21932F8B00C6BE35 /* tableDrivenMDP.swift in Sources */ = {isa = PBXBuildFile; fileRef = 7D79E03121929601003B3895 /* tableDrivenMDP.swift */; };
		7D6A557E21932F8B00C6BE35 /* environment.swift in Sources */ = {isa = PBXBuildFile; fileRef = 7D79E029219294C6003B3895 /* environment.swift */; };
		7D6A557F21932F8B00C6BE35 /* distribution.swift in Sources */ = {isa = PBXBuildFile; fileRef = 7D79E02D21929553003B3895 /* distribution.swift */; };
		7D6A55802193309F00C6BE35 /* main.swift in Sources */ = {isa = PBXBuildFile; fileRef = 7DB284A8218FD2B8006B0A83 /* main.swift */; };
		7D6A55812193309F00C6BE35 /* distribution.swift in Sources */ = {isa = PBXBuildFile; fileRef = 7D79E02D21929553003B3895 /* distribution.swift */; };
		7D6A55822193309F00C6BE35 /* environment.swift in Sources */ = {isa = PBXBuildFile; fileRef = 7D79E029219294C6003B3895 /* environment.swift */; };
		7D6A55832193309F00C6BE35 /* markovDecisionProcess.swift in Sources */ = {isa = PBXBuildFile; fileRef = 7D79E02B21929509003B3895 /* markovDecisionProcess.swift */; };
		7D6A55842193309F00C6BE35 /* weightedDistribution.swift in Sources */ = {isa = PBXBuildFile; fileRef = 7D79E02F219295BC003B3895 /* weightedDistribution.swift */; };
		7D6A55852193309F00C6BE35 /* tableDrivenMDP.swift in Sources */ = {isa = PBXBuildFile; fileRef = 7D79E03121929601003B3895 /* tableDrivenMDP.swift */; };
		7D6A5586219330DA00C6BE35 /* MarkovTests.swift in Sources */ = {isa = PBXBuildFile; fileRef = 7D6A55702192D31E00C6BE35 /* MarkovTests.swift */; };
		7D6A55892195F57A00C6BE35 /* mdpEnvironment.swift in Sources */ = {isa = PBXBuildFile; fileRef = 7D6A55882195F57A00C6BE35 /* mdpEnvironment.swift */; };
		7D6A558A219602BA00C6BE35 /* mdpEnvironment.swift in Sources */ = {isa = PBXBuildFile; fileRef = 7D6A55882195F57A00C6BE35 /* mdpEnvironment.swift */; };
		7D6A55902196430400C6BE35 /* policy.swift in Sources */ = {isa = PBXBuildFile; fileRef = 7D6A558F2196430400C6BE35 /* policy.swift */; };
		7D6A55912196430400C6BE35 /* policy.swift in Sources */ = {isa = PBXBuildFile; fileRef = 7D6A558F2196430400C6BE35 /* policy.swift */; };
		7D6A55932197F0AB00C6BE35 /* gridWorld.swift in Sources */ = {isa = PBXBuildFile; fileRef = 7D6A55922197F0AB00C6BE35 /* gridWorld.swift */; };
		7D6A55942197F0AB00C6BE35 /* gridWorld.swift in Sources */ = {isa = PBXBuildFile; fileRef = 7D6A55922197F0AB00C6BE35 /* gridWorld.swift */; };
		7D6A55972198A87500C6BE35 /* GridWorldTests.swift in Sources */ = {isa = PBXBuildFile; fileRef = 7D6A55962198A87500C6BE35 /* GridWorldTests.swift */; };
		7D6A55992198F8C000C6BE35 /* policyEvaluator.swift in Sources */ = {isa = PBXBuildFile; fileRef = 7D6A55982198F8C000C6BE35 /* policyEvaluator.swift */; };
		7D6A559A2198F8C000C6BE35 /* policyEvaluator.swift in Sources */ = {isa = PBXBuildFile; fileRef = 7D6A55982198F8C000C6BE35 /* policyEvaluator.swift */; };
		7D6A559C21991EEB00C6BE35 /* randomSelectPolicy.swift in Sources */ = {isa = PBXBuildFile; fileRef = 7D6A559B21991EEB00C6BE35 /* randomSelectPolicy.swift */; };
		7D6A559D21991EEB00C6BE35 /* randomSelectPolicy.swift in Sources */ = {isa = PBXBuildFile; fileRef = 7D6A559B21991EEB00C6BE35 /* randomSelectPolicy.swift */; };
		7D6A559F2199DC1700C6BE35 /* valueFunctions.swift in Sources */ = {isa = PBXBuildFile; fileRef = 7D6A559E2199DC1700C6BE35 /* valueFunctions.swift */; };
		7D6A55A02199DC1700C6BE35 /* valueFunctions.swift in Sources */ = {isa = PBXBuildFile; fileRef = 7D6A559E2199DC1700C6BE35 /* valueFunctions.swift */; };
		7D6A55A2219A1D2900C6BE35 /* policyIterator.swift in Sources */ = {isa = PBXBuildFile; fileRef = 7D6A55A1219A1D2900C6BE35 /* policyIterator.swift */; };
		7D6A55A3219A1D2900C6BE35 /* policyIterator.swift in Sources */ = {isa = PBXBuildFile; fileRef = 7D6A55A1219A1D2900C6BE35 /* policyIterator.swift */; };
		7D6A55A5219A22C200C6BE35 /* binDistribution.swift in Sources */ = {isa = PBXBuildFile; fileRef = 7D6A55A4219A22C200C6BE35 /* binDistribution.swift */; };
		7D6A55A6219A22C200C6BE35 /* binDistribution.swift in Sources */ = {isa = PBXBuildFile; fileRef = 7D6A55A4219A22C200C6BE35 /* binDistribution.swift */; };
		7D6A55A8219A300200C6BE35 /* stochasticPolicy.swift in Sources */ = {isa = PBXBuildFile; fileRef = 7D6A55A7219A300200C6BE35 /* stochasticPolicy.swift */; };
		7D6A55A9219A300200C6BE35 /* stochasticPolicy.swift in Sources */ = {isa = PBXBuildFile; fileRef = 7D6A55A7219A300200C6BE35 /* stochasticPolicy.swift */; };
		7D6A55AB219D1B3D00C6BE35 /* epsilonGreedyPolicy.swift in Sources */ = {isa = PBXBuildFile; fileRef = 7D6A55AA219D1B3D00C6BE35 /* epsilonGreedyPolicy.swift */; };
		7D6A55AC219D1B3D00C6BE35 /* epsilonGreedyPolicy.swift in Sources */ = {isa = PBXBuildFile; fileRef = 7D6A55AA219D1B3D00C6BE35 /* epsilonGreedyPolicy.swift */; };
		7D6A55AE219E63E500C6BE35 /* distributionEstimator.swift in Sources */ = {isa = PBXBuildFile; fileRef = 7D6A55AD219E63E500C6BE35 /* distributionEstimator.swift */; };
		7D6A55AF219E63E500C6BE35 /* distributionEstimator.swift in Sources */ = {isa = PBXBuildFile; fileRef = 7D6A55AD219E63E500C6BE35 /* distributionEstimator.swift */; };
		7D6A55B1219F23B500C6BE35 /* qLearner.swift in Sources */ = {isa = PBXBuildFile; fileRef = 7D6A55B0219F23B500C6BE35 /* qLearner.swift */; };
		7D6A55B2219F23B500C6BE35 /* qLearner.swift in Sources */ = {isa = PBXBuildFile; fileRef = 7D6A55B0219F23B500C6BE35 /* qLearner.swift */; };
		7D6A55B421A0FB4000C6BE35 /* GridWorldWithMovementCostTests.swift in Sources */ = {isa = PBXBuildFile; fileRef = 7D6A55B321A0FB4000C6BE35 /* GridWorldWithMovementCostTests.swift */; };
		7D6A55B521A0FB4000C6BE35 /* GridWorldWithMovementCostTests.swift in Sources */ = {isa = PBXBuildFile; fileRef = 7D6A55B321A0FB4000C6BE35 /* GridWorldWithMovementCostTests.swift */; };
		7DB284A9218FD2B8006B0A83 /* main.swift in Sources */ = {isa = PBXBuildFile; fileRef = 7DB284A8218FD2B8006B0A83 /* main.swift */; };
		7DC48C9521A1E73700ED17B6 /* valueIterator.swift in Sources */ = {isa = PBXBuildFile; fileRef = 7DC48C9421A1E73700ED17B6 /* valueIterator.swift */; };
		7DC48C9621A1E73700ED17B6 /* valueIterator.swift in Sources */ = {isa = PBXBuildFile; fileRef = 7DC48C9421A1E73700ED17B6 /* valueIterator.swift */; };
/* End PBXBuildFile section */

/* Begin PBXCopyFilesBuildPhase section */
		7DB284A3218FD2B8006B0A83 /* CopyFiles */ = {
			isa = PBXCopyFilesBuildPhase;
			buildActionMask = 2147483647;
			dstPath = /usr/share/man/man1/;
			dstSubfolderSpec = 0;
			files = (
			);
			runOnlyForDeploymentPostprocessing = 1;
		};
/* End PBXCopyFilesBuildPhase section */

/* Begin PBXFileReference section */
		7D6A556E2192D31E00C6BE35 /* MarkovTests.xctest */ = {isa = PBXFileReference; explicitFileType = wrapper.cfbundle; includeInIndex = 0; path = MarkovTests.xctest; sourceTree = BUILT_PRODUCTS_DIR; };
		7D6A55702192D31E00C6BE35 /* MarkovTests.swift */ = {isa = PBXFileReference; lastKnownFileType = sourcecode.swift; path = MarkovTests.swift; sourceTree = "<group>"; };
		7D6A55722192D31E00C6BE35 /* Info.plist */ = {isa = PBXFileReference; lastKnownFileType = text.plist.xml; path = Info.plist; sourceTree = "<group>"; };
		7D6A558721934BE000C6BE35 /* README.md */ = {isa = PBXFileReference; lastKnownFileType = net.daringfireball.markdown; path = README.md; sourceTree = "<group>"; };
		7D6A55882195F57A00C6BE35 /* mdpEnvironment.swift */ = {isa = PBXFileReference; lastKnownFileType = sourcecode.swift; path = mdpEnvironment.swift; sourceTree = "<group>"; };
		7D6A558F2196430400C6BE35 /* policy.swift */ = {isa = PBXFileReference; lastKnownFileType = sourcecode.swift; path = policy.swift; sourceTree = "<group>"; };
		7D6A55922197F0AB00C6BE35 /* gridWorld.swift */ = {isa = PBXFileReference; lastKnownFileType = sourcecode.swift; path = gridWorld.swift; sourceTree = "<group>"; };
		7D6A55962198A87500C6BE35 /* GridWorldTests.swift */ = {isa = PBXFileReference; lastKnownFileType = sourcecode.swift; path = GridWorldTests.swift; sourceTree = "<group>"; };
		7D6A55982198F8C000C6BE35 /* policyEvaluator.swift */ = {isa = PBXFileReference; lastKnownFileType = sourcecode.swift; path = policyEvaluator.swift; sourceTree = "<group>"; };
		7D6A559B21991EEB00C6BE35 /* randomSelectPolicy.swift */ = {isa = PBXFileReference; lastKnownFileType = sourcecode.swift; path = randomSelectPolicy.swift; sourceTree = "<group>"; };
		7D6A559E2199DC1700C6BE35 /* valueFunctions.swift */ = {isa = PBXFileReference; lastKnownFileType = sourcecode.swift; path = valueFunctions.swift; sourceTree = "<group>"; };
		7D6A55A1219A1D2900C6BE35 /* policyIterator.swift */ = {isa = PBXFileReference; lastKnownFileType = sourcecode.swift; path = policyIterator.swift; sourceTree = "<group>"; };
		7D6A55A4219A22C200C6BE35 /* binDistribution.swift */ = {isa = PBXFileReference; lastKnownFileType = sourcecode.swift; path = binDistribution.swift; sourceTree = "<group>"; };
		7D6A55A7219A300200C6BE35 /* stochasticPolicy.swift */ = {isa = PBXFileReference; lastKnownFileType = sourcecode.swift; path = stochasticPolicy.swift; sourceTree = "<group>"; };
		7D6A55AA219D1B3D00C6BE35 /* epsilonGreedyPolicy.swift */ = {isa = PBXFileReference; lastKnownFileType = sourcecode.swift; path = epsilonGreedyPolicy.swift; sourceTree = "<group>"; };
		7D6A55AD219E63E500C6BE35 /* distributionEstimator.swift */ = {isa = PBXFileReference; lastKnownFileType = sourcecode.swift; path = distributionEstimator.swift; sourceTree = "<group>"; };
		7D6A55B0219F23B500C6BE35 /* qLearner.swift */ = {isa = PBXFileReference; lastKnownFileType = sourcecode.swift; path = qLearner.swift; sourceTree = "<group>"; };
		7D6A55B321A0FB4000C6BE35 /* GridWorldWithMovementCostTests.swift */ = {isa = PBXFileReference; lastKnownFileType = sourcecode.swift; path = GridWorldWithMovementCostTests.swift; sourceTree = "<group>"; };
		7D79E029219294C6003B3895 /* environment.swift */ = {isa = PBXFileReference; lastKnownFileType = sourcecode.swift; path = environment.swift; sourceTree = "<group>"; };
		7D79E02B21929509003B3895 /* markovDecisionProcess.swift */ = {isa = PBXFileReference; lastKnownFileType = sourcecode.swift; path = markovDecisionProcess.swift; sourceTree = "<group>"; };
		7D79E02D21929553003B3895 /* distribution.swift */ = {isa = PBXFileReference; lastKnownFileType = sourcecode.swift; path = distribution.swift; sourceTree = "<group>"; };
		7D79E02F219295BC003B3895 /* weightedDistribution.swift */ = {isa = PBXFileReference; lastKnownFileType = sourcecode.swift; path = weightedDistribution.swift; sourceTree = "<group>"; };
		7D79E03121929601003B3895 /* tableDrivenMDP.swift */ = {isa = PBXFileReference; lastKnownFileType = sourcecode.swift; path = tableDrivenMDP.swift; sourceTree = "<group>"; };
		7DB284A5218FD2B8006B0A83 /* Markov */ = {isa = PBXFileReference; explicitFileType = "compiled.mach-o.executable"; includeInIndex = 0; path = Markov; sourceTree = BUILT_PRODUCTS_DIR; };
		7DB284A8218FD2B8006B0A83 /* main.swift */ = {isa = PBXFileReference; lastKnownFileType = sourcecode.swift; path = main.swift; sourceTree = "<group>"; };
		7DC48C9421A1E73700ED17B6 /* valueIterator.swift */ = {isa = PBXFileReference; lastKnownFileType = sourcecode.swift; path = valueIterator.swift; sourceTree = "<group>"; };
/* End PBXFileReference section */

/* Begin PBXFrameworksBuildPhase section */
		7D6A556B2192D31E00C6BE35 /* Frameworks */ = {
			isa = PBXFrameworksBuildPhase;
			buildActionMask = 2147483647;
			files = (
			);
			runOnlyForDeploymentPostprocessing = 0;
		};
		7DB284A2218FD2B8006B0A83 /* Frameworks */ = {
			isa = PBXFrameworksBuildPhase;
			buildActionMask = 2147483647;
			files = (
			);
			runOnlyForDeploymentPostprocessing = 0;
		};
/* End PBXFrameworksBuildPhase section */

/* Begin PBXGroup section */
		7D6A556F2192D31E00C6BE35 /* MarkovTests */ = {
			isa = PBXGroup;
			children = (
				7D6A55962198A87500C6BE35 /* GridWorldTests.swift */,
				7D6A55B321A0FB4000C6BE35 /* GridWorldWithMovementCostTests.swift */,
				7D6A55702192D31E00C6BE35 /* MarkovTests.swift */,
				7D6A55722192D31E00C6BE35 /* Info.plist */,
			);
			path = MarkovTests;
			sourceTree = "<group>";
		};
		7DB2849C218FD2B8006B0A83 = {
			isa = PBXGroup;
			children = (
				7D6A558721934BE000C6BE35 /* README.md */,
				7DB284A7218FD2B8006B0A83 /* Markov */,
				7D6A556F2192D31E00C6BE35 /* MarkovTests */,
				7DB284A6218FD2B8006B0A83 /* Products */,
			);
			sourceTree = "<group>";
		};
		7DB284A6218FD2B8006B0A83 /* Products */ = {
			isa = PBXGroup;
			children = (
				7DB284A5218FD2B8006B0A83 /* Markov */,
				7D6A556E2192D31E00C6BE35 /* MarkovTests.xctest */,
			);
			name = Products;
			sourceTree = "<group>";
		};
		7DB284A7218FD2B8006B0A83 /* Markov */ = {
			isa = PBXGroup;
			children = (
				7D79E02D21929553003B3895 /* distribution.swift */,
				7D79E02B21929509003B3895 /* markovDecisionProcess.swift */,
				7D79E029219294C6003B3895 /* environment.swift */,
				7D6A558F2196430400C6BE35 /* policy.swift */,
				7D6A55882195F57A00C6BE35 /* mdpEnvironment.swift */,
				7D79E02F219295BC003B3895 /* weightedDistribution.swift */,
				7D79E03121929601003B3895 /* tableDrivenMDP.swift */,
				7DB284A8218FD2B8006B0A83 /* main.swift */,
				7D6A55922197F0AB00C6BE35 /* gridWorld.swift */,
				7D6A55982198F8C000C6BE35 /* policyEvaluator.swift */,
				7D6A559B21991EEB00C6BE35 /* randomSelectPolicy.swift */,
				7D6A559E2199DC1700C6BE35 /* valueFunctions.swift */,
				7D6A55A1219A1D2900C6BE35 /* policyIterator.swift */,
				7D6A55A4219A22C200C6BE35 /* binDistribution.swift */,
				7D6A55A7219A300200C6BE35 /* stochasticPolicy.swift */,
				7D6A55AA219D1B3D00C6BE35 /* epsilonGreedyPolicy.swift */,
				7D6A55AD219E63E500C6BE35 /* distributionEstimator.swift */,
				7D6A55B0219F23B500C6BE35 /* qLearner.swift */,
				7DC48C9421A1E73700ED17B6 /* valueIterator.swift */,
			);
			path = Markov;
			sourceTree = "<group>";
		};
/* End PBXGroup section */

/* Begin PBXNativeTarget section */
		7D6A556D2192D31E00C6BE35 /* MarkovTests */ = {
			isa = PBXNativeTarget;
			buildConfigurationList = 7D6A55732192D31E00C6BE35 /* Build configuration list for PBXNativeTarget "MarkovTests" */;
			buildPhases = (
				7D6A556A2192D31E00C6BE35 /* Sources */,
				7D6A556B2192D31E00C6BE35 /* Frameworks */,
				7D6A556C2192D31E00C6BE35 /* Resources */,
			);
			buildRules = (
			);
			dependencies = (
			);
			name = MarkovTests;
			productName = MarkovTests;
			productReference = 7D6A556E2192D31E00C6BE35 /* MarkovTests.xctest */;
			productType = "com.apple.product-type.bundle.unit-test";
		};
		7DB284A4218FD2B8006B0A83 /* Markov */ = {
			isa = PBXNativeTarget;
			buildConfigurationList = 7DB284AC218FD2B8006B0A83 /* Build configuration list for PBXNativeTarget "Markov" */;
			buildPhases = (
				7DB284A1218FD2B8006B0A83 /* Sources */,
				7DB284A2218FD2B8006B0A83 /* Frameworks */,
				7DB284A3218FD2B8006B0A83 /* CopyFiles */,
			);
			buildRules = (
			);
			dependencies = (
			);
			name = Markov;
			productName = Markov;
			productReference = 7DB284A5218FD2B8006B0A83 /* Markov */;
			productType = "com.apple.product-type.tool";
		};
/* End PBXNativeTarget section */

/* Begin PBXProject section */
		7DB2849D218FD2B8006B0A83 /* Project object */ = {
			isa = PBXProject;
			attributes = {
				LastSwiftUpdateCheck = 1010;
				LastUpgradeCheck = 1010;
				ORGANIZATIONNAME = "Robert Bigelow";
				TargetAttributes = {
					7D6A556D2192D31E00C6BE35 = {
						CreatedOnToolsVersion = 10.1;
					};
					7DB284A4218FD2B8006B0A83 = {
						CreatedOnToolsVersion = 10.1;
					};
				};
			};
			buildConfigurationList = 7DB284A0218FD2B8006B0A83 /* Build configuration list for PBXProject "Markov" */;
			compatibilityVersion = "Xcode 9.3";
			developmentRegion = en;
			hasScannedForEncodings = 0;
			knownRegions = (
				en,
			);
			mainGroup = 7DB2849C218FD2B8006B0A83;
			productRefGroup = 7DB284A6218FD2B8006B0A83 /* Products */;
			projectDirPath = "";
			projectRoot = "";
			targets = (
				7DB284A4218FD2B8006B0A83 /* Markov */,
				7D6A556D2192D31E00C6BE35 /* MarkovTests */,
			);
		};
/* End PBXProject section */

/* Begin PBXResourcesBuildPhase section */
		7D6A556C2192D31E00C6BE35 /* Resources */ = {
			isa = PBXResourcesBuildPhase;
			buildActionMask = 2147483647;
			files = (
			);
			runOnlyForDeploymentPostprocessing = 0;
		};
/* End PBXResourcesBuildPhase section */

/* Begin PBXSourcesBuildPhase section */
		7D6A556A2192D31E00C6BE35 /* Sources */ = {
			isa = PBXSourcesBuildPhase;
			buildActionMask = 2147483647;
			files = (
				7D6A5586219330DA00C6BE35 /* MarkovTests.swift in Sources */,
				7D6A55802193309F00C6BE35 /* main.swift in Sources */,
				7D6A55812193309F00C6BE35 /* distribution.swift in Sources */,
				7D6A559A2198F8C000C6BE35 /* policyEvaluator.swift in Sources */,
				7D6A55822193309F00C6BE35 /* environment.swift in Sources */,
				7D6A55832193309F00C6BE35 /* markovDecisionProcess.swift in Sources */,
				7D6A55A3219A1D2900C6BE35 /* policyIterator.swift in Sources */,
				7D6A558A219602BA00C6BE35 /* mdpEnvironment.swift in Sources */,
				7D6A55842193309F00C6BE35 /* weightedDistribution.swift in Sources */,
				7DC48C9621A1E73700ED17B6 /* valueIterator.swift in Sources */,
				7D6A55A6219A22C200C6BE35 /* binDistribution.swift in Sources */,
				7D6A55852193309F00C6BE35 /* tableDrivenMDP.swift in Sources */,
				7D6A55B521A0FB4000C6BE35 /* GridWorldWithMovementCostTests.swift in Sources */,
				7D6A55A02199DC1700C6BE35 /* valueFunctions.swift in Sources */,
				7D6A559D21991EEB00C6BE35 /* randomSelectPolicy.swift in Sources */,
				7D6A55942197F0AB00C6BE35 /* gridWorld.swift in Sources */,
				7D6A55972198A87500C6BE35 /* GridWorldTests.swift in Sources */,
				7D6A55B2219F23B500C6BE35 /* qLearner.swift in Sources */,
				7D6A55A9219A300200C6BE35 /* stochasticPolicy.swift in Sources */,
				7D6A55AC219D1B3D00C6BE35 /* epsilonGreedyPolicy.swift in Sources */,
				7D6A55912196430400C6BE35 /* policy.swift in Sources */,
				7D6A55AF219E63E500C6BE35 /* distributionEstimator.swift in Sources */,
			);
			runOnlyForDeploymentPostprocessing = 0;
		};
		7DB284A1218FD2B8006B0A83 /* Sources */ = {
			isa = PBXSourcesBuildPhase;
			buildActionMask = 2147483647;
			files = (
				7D43F4F921A117D100ECA2FC /* GridWorldTests.swift in Sources */,
				7D6A557D21932F8B00C6BE35 /* tableDrivenMDP.swift in Sources */,
				7D6A559F2199DC1700C6BE35 /* valueFunctions.swift in Sources */,
				7D6A559C21991EEB00C6BE35 /* randomSelectPolicy.swift in Sources */,
				7D6A557C21932F8B00C6BE35 /* weightedDistribution.swift in Sources */,
				7D6A55AE219E63E500C6BE35 /* distributionEstimator.swift in Sources */,
				7DB284A9218FD2B8006B0A83 /* main.swift in Sources */,
				7D6A55A8219A300200C6BE35 /* stochasticPolicy.swift in Sources */,
				7D6A557F21932F8B00C6BE35 /* distribution.swift in Sources */,
				7D6A557B21932F8B00C6BE35 /* markovDecisionProcess.swift in Sources */,
				7D6A55B421A0FB4000C6BE35 /* GridWorldWithMovementCostTests.swift in Sources */,
				7D6A55892195F57A00C6BE35 /* mdpEnvironment.swift in Sources */,
				7D6A557E21932F8B00C6BE35 /* environment.swift in Sources */,
				7D6A55902196430400C6BE35 /* policy.swift in Sources */,
				7D6A55932197F0AB00C6BE35 /* gridWorld.swift in Sources */,
				7D6A55A5219A22C200C6BE35 /* binDistribution.swift in Sources */,
				7D6A55A2219A1D2900C6BE35 /* policyIterator.swift in Sources */,
				7D6A55AB219D1B3D00C6BE35 /* epsilonGreedyPolicy.swift in Sources */,
				7DC48C9521A1E73700ED17B6 /* valueIterator.swift in Sources */,
				7D6A55992198F8C000C6BE35 /* policyEvaluator.swift in Sources */,
				7D6A55B1219F23B500C6BE35 /* qLearner.swift in Sources */,
			);
			runOnlyForDeploymentPostprocessing = 0;
		};
/* End PBXSourcesBuildPhase section */

/* Begin XCBuildConfiguration section */
		7D6A55742192D31E00C6BE35 /* Debug */ = {
			isa = XCBuildConfiguration;
			buildSettings = {
				CODE_SIGN_STYLE = Automatic;
				COMBINE_HIDPI_IMAGES = YES;
				INFOPLIST_FILE = MarkovTests/Info.plist;
				LD_RUNPATH_SEARCH_PATHS = (
					"$(inherited)",
					"@executable_path/../Frameworks",
					"@loader_path/../Frameworks",
				);
				PRODUCT_BUNDLE_IDENTIFIER = rfbigelow.MarkovTests;
				PRODUCT_NAME = "$(TARGET_NAME)";
				SWIFT_VERSION = 4.2;
			};
			name = Debug;
		};
		7D6A55752192D31E00C6BE35 /* Release */ = {
			isa = XCBuildConfiguration;
			buildSettings = {
				CODE_SIGN_STYLE = Automatic;
				COMBINE_HIDPI_IMAGES = YES;
				INFOPLIST_FILE = MarkovTests/Info.plist;
				LD_RUNPATH_SEARCH_PATHS = (
					"$(inherited)",
					"@executable_path/../Frameworks",
					"@loader_path/../Frameworks",
				);
				PRODUCT_BUNDLE_IDENTIFIER = rfbigelow.MarkovTests;
				PRODUCT_NAME = "$(TARGET_NAME)";
				SWIFT_VERSION = 4.2;
			};
			name = Release;
		};
		7DB284AA218FD2B8006B0A83 /* Debug */ = {
			isa = XCBuildConfiguration;
			buildSettings = {
				ALWAYS_SEARCH_USER_PATHS = NO;
				CLANG_ANALYZER_NONNULL = YES;
				CLANG_ANALYZER_NUMBER_OBJECT_CONVERSION = YES_AGGRESSIVE;
				CLANG_CXX_LANGUAGE_STANDARD = "gnu++14";
				CLANG_CXX_LIBRARY = "libc++";
				CLANG_ENABLE_MODULES = YES;
				CLANG_ENABLE_OBJC_ARC = YES;
				CLANG_ENABLE_OBJC_WEAK = YES;
				CLANG_WARN_BLOCK_CAPTURE_AUTORELEASING = YES;
				CLANG_WARN_BOOL_CONVERSION = YES;
				CLANG_WARN_COMMA = YES;
				CLANG_WARN_CONSTANT_CONVERSION = YES;
				CLANG_WARN_DEPRECATED_OBJC_IMPLEMENTATIONS = YES;
				CLANG_WARN_DIRECT_OBJC_ISA_USAGE = YES_ERROR;
				CLANG_WARN_DOCUMENTATION_COMMENTS = YES;
				CLANG_WARN_EMPTY_BODY = YES;
				CLANG_WARN_ENUM_CONVERSION = YES;
				CLANG_WARN_INFINITE_RECURSION = YES;
				CLANG_WARN_INT_CONVERSION = YES;
				CLANG_WARN_NON_LITERAL_NULL_CONVERSION = YES;
				CLANG_WARN_OBJC_IMPLICIT_RETAIN_SELF = YES;
				CLANG_WARN_OBJC_LITERAL_CONVERSION = YES;
				CLANG_WARN_OBJC_ROOT_CLASS = YES_ERROR;
				CLANG_WARN_RANGE_LOOP_ANALYSIS = YES;
				CLANG_WARN_STRICT_PROTOTYPES = YES;
				CLANG_WARN_SUSPICIOUS_MOVE = YES;
				CLANG_WARN_UNGUARDED_AVAILABILITY = YES_AGGRESSIVE;
				CLANG_WARN_UNREACHABLE_CODE = YES;
				CLANG_WARN__DUPLICATE_METHOD_MATCH = YES;
				CODE_SIGN_IDENTITY = "-";
				COPY_PHASE_STRIP = NO;
				DEBUG_INFORMATION_FORMAT = dwarf;
				ENABLE_STRICT_OBJC_MSGSEND = YES;
				ENABLE_TESTABILITY = YES;
				GCC_C_LANGUAGE_STANDARD = gnu11;
				GCC_DYNAMIC_NO_PIC = NO;
				GCC_NO_COMMON_BLOCKS = YES;
				GCC_OPTIMIZATION_LEVEL = 0;
				GCC_PREPROCESSOR_DEFINITIONS = (
					"DEBUG=1",
					"$(inherited)",
				);
				GCC_WARN_64_TO_32_BIT_CONVERSION = YES;
				GCC_WARN_ABOUT_RETURN_TYPE = YES_ERROR;
				GCC_WARN_UNDECLARED_SELECTOR = YES;
				GCC_WARN_UNINITIALIZED_AUTOS = YES_AGGRESSIVE;
				GCC_WARN_UNUSED_FUNCTION = YES;
				GCC_WARN_UNUSED_VARIABLE = YES;
				MACOSX_DEPLOYMENT_TARGET = 10.13;
				MTL_ENABLE_DEBUG_INFO = INCLUDE_SOURCE;
				MTL_FAST_MATH = YES;
				ONLY_ACTIVE_ARCH = YES;
				SDKROOT = macosx;
				SWIFT_ACTIVE_COMPILATION_CONDITIONS = DEBUG;
				SWIFT_OPTIMIZATION_LEVEL = "-Onone";
			};
			name = Debug;
		};
		7DB284AB218FD2B8006B0A83 /* Release */ = {
			isa = XCBuildConfiguration;
			buildSettings = {
				ALWAYS_SEARCH_USER_PATHS = NO;
				CLANG_ANALYZER_NONNULL = YES;
				CLANG_ANALYZER_NUMBER_OBJECT_CONVERSION = YES_AGGRESSIVE;
				CLANG_CXX_LANGUAGE_STANDARD = "gnu++14";
				CLANG_CXX_LIBRARY = "libc++";
				CLANG_ENABLE_MODULES = YES;
				CLANG_ENABLE_OBJC_ARC = YES;
				CLANG_ENABLE_OBJC_WEAK = YES;
				CLANG_WARN_BLOCK_CAPTURE_AUTORELEASING = YES;
				CLANG_WARN_BOOL_CONVERSION = YES;
				CLANG_WARN_COMMA = YES;
				CLANG_WARN_CONSTANT_CONVERSION = YES;
				CLANG_WARN_DEPRECATED_OBJC_IMPLEMENTATIONS = YES;
				CLANG_WARN_DIRECT_OBJC_ISA_USAGE = YES_ERROR;
				CLANG_WARN_DOCUMENTATION_COMMENTS = YES;
				CLANG_WARN_EMPTY_BODY = YES;
				CLANG_WARN_ENUM_CONVERSION = YES;
				CLANG_WARN_INFINITE_RECURSION = YES;
				CLANG_WARN_INT_CONVERSION = YES;
				CLANG_WARN_NON_LITERAL_NULL_CONVERSION = YES;
				CLANG_WARN_OBJC_IMPLICIT_RETAIN_SELF = YES;
				CLANG_WARN_OBJC_LITERAL_CONVERSION = YES;
				CLANG_WARN_OBJC_ROOT_CLASS = YES_ERROR;
				CLANG_WARN_RANGE_LOOP_ANALYSIS = YES;
				CLANG_WARN_STRICT_PROTOTYPES = YES;
				CLANG_WARN_SUSPICIOUS_MOVE = YES;
				CLANG_WARN_UNGUARDED_AVAILABILITY = YES_AGGRESSIVE;
				CLANG_WARN_UNREACHABLE_CODE = YES;
				CLANG_WARN__DUPLICATE_METHOD_MATCH = YES;
				CODE_SIGN_IDENTITY = "-";
				COPY_PHASE_STRIP = NO;
				DEBUG_INFORMATION_FORMAT = "dwarf-with-dsym";
				ENABLE_NS_ASSERTIONS = NO;
				ENABLE_STRICT_OBJC_MSGSEND = YES;
				GCC_C_LANGUAGE_STANDARD = gnu11;
				GCC_NO_COMMON_BLOCKS = YES;
				GCC_WARN_64_TO_32_BIT_CONVERSION = YES;
				GCC_WARN_ABOUT_RETURN_TYPE = YES_ERROR;
				GCC_WARN_UNDECLARED_SELECTOR = YES;
				GCC_WARN_UNINITIALIZED_AUTOS = YES_AGGRESSIVE;
				GCC_WARN_UNUSED_FUNCTION = YES;
				GCC_WARN_UNUSED_VARIABLE = YES;
				MACOSX_DEPLOYMENT_TARGET = 10.13;
				MTL_ENABLE_DEBUG_INFO = NO;
				MTL_FAST_MATH = YES;
				SDKROOT = macosx;
				SWIFT_COMPILATION_MODE = wholemodule;
				SWIFT_OPTIMIZATION_LEVEL = "-O";
			};
			name = Release;
		};
		7DB284AD218FD2B8006B0A83 /* Debug */ = {
			isa = XCBuildConfiguration;
			buildSettings = {
				CODE_SIGN_STYLE = Automatic;
				PRODUCT_NAME = "$(TARGET_NAME)";
				SWIFT_VERSION = 4.2;
			};
			name = Debug;
		};
		7DB284AE218FD2B8006B0A83 /* Release */ = {
			isa = XCBuildConfiguration;
			buildSettings = {
				CODE_SIGN_STYLE = Automatic;
				PRODUCT_NAME = "$(TARGET_NAME)";
				SWIFT_VERSION = 4.2;
			};
			name = Release;
		};
/* End XCBuildConfiguration section */

/* Begin XCConfigurationList section */
		7D6A55732192D31E00C6BE35 /* Build configuration list for PBXNativeTarget "MarkovTests" */ = {
			isa = XCConfigurationList;
			buildConfigurations = (
				7D6A55742192D31E00C6BE35 /* Debug */,
				7D6A55752192D31E00C6BE35 /* Release */,
			);
			defaultConfigurationIsVisible = 0;
			defaultConfigurationName = Release;
		};
		7DB284A0218FD2B8006B0A83 /* Build configuration list for PBXProject "Markov" */ = {
			isa = XCConfigurationList;
			buildConfigurations = (
				7DB284AA218FD2B8006B0A83 /* Debug */,
				7DB284AB218FD2B8006B0A83 /* Release */,
			);
			defaultConfigurationIsVisible = 0;
			defaultConfigurationName = Release;
		};
		7DB284AC218FD2B8006B0A83 /* Build configuration list for PBXNativeTarget "Markov" */ = {
			isa = XCConfigurationList;
			buildConfigurations = (
				7DB284AD218FD2B8006B0A83 /* Debug */,
				7DB284AE218FD2B8006B0A83 /* Release */,
			);
			defaultConfigurationIsVisible = 0;
			defaultConfigurationName = Release;
		};
/* End XCConfigurationList section */
	};
	rootObject = 7DB2849D218FD2B8006B0A83 /* Project object */;
}
